
Microsoft Visual Studio Solution File, Format Version 10.00
# Visual Studio 2008
Project("{E24C65DC-7377-472B-9ABA-BC803B73C61A}") = "Web", "Web\", "{22850F20-255A-409F-8557-7946E0E4536B}"
	ProjectSection(WebsiteProperties) = preProject
		SccProjectName = "C:\...\Web\"
		SccAuxPath = "http://pop-devapps/VaultService"
		SccLocalPath = "143~45eb89d3-280b-488a-b552-d25bc02fde0f"
		SccProvider = "SourceGear Vault Visual Studio 2005 Client:{1EA47954-8515-402d-82D9-B5C332120A8D}"
		TargetFramework = "2.0"
		ProjectReferences = "{AE498797-CD46-4DB1-84A7-90218D98CC7F}|ZNode.Libraries.DataAccess.Custom.dll;{387F19F0-0CDF-444E-9D75-6E082F2FB786}|ZNode.Libraries.Admin.dll;{ACE0D628-C806-49F6-8652-4CA7C0FD5B82}|ZNode.Libraries.ECommerce.Business.dll;{20E43088-4618-4F4A-B8AD-FC31B50D94CD}|ZNode.Libraries.DataAccess.Entities.dll;{041C1BBE-0BFB-4D45-8125-9AB0BBC09A92}|ZNode.Libraries.DataAccess.Data.dll;{8996A7B4-57D3-440B-A545-A701844B8C4A}|ZNode.Libraries.DataAccess.Data.SqlClient.dll;{794327CE-DC0A-4381-89EE-4C00AFB08D5A}|ZNode.Libraries.DataAccess.Service.dll;{30FE8FE6-ADB7-42C8-8CAC-69AD1918755C}|ZnodeStorefrontIntegrator.dll;"
		Debug.AspNetCompiler.VirtualPath = "/znodestorefront_framework_compiled"
		Debug.AspNetCompiler.PhysicalPath = "Web\"
		Debug.AspNetCompiler.TargetPath = "..\..\znodestorefront_framework_compiled\"
		Debug.AspNetCompiler.Updateable = "true"
		Debug.AspNetCompiler.ForceOverwrite = "true"
		Debug.AspNetCompiler.FixedNames = "false"
		Debug.AspNetCompiler.Debug = "True"
		Release.AspNetCompiler.VirtualPath = "/znodestorefront_framework_compiled"
		Release.AspNetCompiler.PhysicalPath = "Web\"
		Release.AspNetCompiler.TargetPath = "..\..\znodestorefront_framework_compiled\"
		Release.AspNetCompiler.Updateable = "true"
		Release.AspNetCompiler.ForceOverwrite = "true"
		Release.AspNetCompiler.FixedNames = "false"
		Release.AspNetCompiler.Debug = "False"
		VWDPort = "4634"
	EndProjectSection
EndProject
Project("{FAE04EC0-301F-11D3-BF4B-00C04F79EFBC}") = "ZNode.Libraries.Admin", "Libraries\ZNode.Libraries.Admin\ZNode.Libraries.Admin.csproj", "{387F19F0-0CDF-444E-9D75-6E082F2FB786}"
EndProject
Project("{FAE04EC0-301F-11D3-BF4B-00C04F79EFBC}") = "ZNode.Libraries.ECommerce.Business", "Libraries\ZNode.Libraries.ECommerce.Business\ZNode.Libraries.ECommerce.Business.csproj", "{ACE0D628-C806-49F6-8652-4CA7C0FD5B82}"
EndProject
Project("{FAE04EC0-301F-11D3-BF4B-00C04F79EFBC}") = "ZNode.Libraries.DataAccess.Custom", "Libraries\ZNode.Libraries.DataAccess.Custom\ZNode.Libraries.DataAccess.Custom.csproj", "{AE498797-CD46-4DB1-84A7-90218D98CC7F}"
EndProject
Project("{FAE04EC0-301F-11D3-BF4B-00C04F79EFBC}") = "ZNode.Libraries.DataAccess.Data", "Libraries\ZNode.Libraries.DataAccess.Data\ZNode.Libraries.DataAccess.Data.csproj", "{041C1BBE-0BFB-4D45-8125-9AB0BBC09A92}"
EndProject
Project("{FAE04EC0-301F-11D3-BF4B-00C04F79EFBC}") = "ZNode.Libraries.DataAccess.Data.SqlClient", "Libraries\ZNode.Libraries.DataAccess.Data.SqlClient\ZNode.Libraries.DataAccess.Data.SqlClient.csproj", "{8996A7B4-57D3-440B-A545-A701844B8C4A}"
EndProject
Project("{FAE04EC0-301F-11D3-BF4B-00C04F79EFBC}") = "ZNode.Libraries.DataAccess.Entities", "Libraries\ZNode.Libraries.DataAccess.Entities\ZNode.Libraries.DataAccess.Entities.csproj", "{20E43088-4618-4F4A-B8AD-FC31B50D94CD}"
EndProject
Project("{FAE04EC0-301F-11D3-BF4B-00C04F79EFBC}") = "ZNode.Libraries.DataAccess.Service", "Libraries\ZNode.Libraries.DataAccess.Service\ZNode.Libraries.DataAccess.Service.csproj", "{794327CE-DC0A-4381-89EE-4C00AFB08D5A}"
EndProject
Project("{FAE04EC0-301F-11D3-BF4B-00C04F79EFBC}") = "ZNode.Libraries.Integrator", "Libraries\ZNode.Libraries.Integrator\ZNode.Libraries.Integrator.csproj", "{30FE8FE6-ADB7-42C8-8CAC-69AD1918755C}"
EndProject
Global
	GlobalSection(VaultVsipSolution-v2) = preSolution
		VaultHost = http://pop-devapps/VaultService
		VaultRepositoryID = 143
		VaultRepositoryGUID = 45eb89d3-280b-488a-b552-d25bc02fde0f
		ProjectCount = 9
		ProjectRelativeDiskPath1 = Libraries\ZNode.Libraries.Integrator\ZNode.Libraries.Integrator.csproj
		ProjectRelativeDiskPath2 = Libraries\ZNode.Libraries.DataAccess.Service\ZNode.Libraries.DataAccess.Service.csproj
		ProjectRelativeDiskPath3 = Libraries\ZNode.Libraries.DataAccess.Entities\ZNode.Libraries.DataAccess.Entities.csproj
		ProjectRelativeDiskPath4 = Libraries\ZNode.Libraries.DataAccess.Data.SqlClient\ZNode.Libraries.DataAccess.Data.SqlClient.csproj
		ProjectRelativeDiskPath5 = Libraries\ZNode.Libraries.DataAccess.Data\ZNode.Libraries.DataAccess.Data.csproj
		ProjectRelativeDiskPath6 = Libraries\ZNode.Libraries.DataAccess.Custom\ZNode.Libraries.DataAccess.Custom.csproj
		ProjectRelativeDiskPath7 = Libraries\ZNode.Libraries.ECommerce.Business\ZNode.Libraries.ECommerce.Business.csproj
		ProjectRelativeDiskPath8 = Libraries\ZNode.Libraries.Admin\ZNode.Libraries.Admin.csproj
		ProjectRelativeDiskPath9 = web\
	EndGlobalSection
	GlobalSection(SolutionConfigurationPlatforms) = preSolution
		Debug|.NET = Debug|.NET
		Debug|Any CPU = Debug|Any CPU
		Debug|Mixed Platforms = Debug|Mixed Platforms
		GenerateDebug|.NET = GenerateDebug|.NET
		GenerateDebug|Any CPU = GenerateDebug|Any CPU
		GenerateDebug|Mixed Platforms = GenerateDebug|Mixed Platforms
		Release|.NET = Release|.NET
		Release|Any CPU = Release|Any CPU
		Release|Mixed Platforms = Release|Mixed Platforms
	EndGlobalSection
	GlobalSection(ProjectConfigurationPlatforms) = postSolution
		{22850F20-255A-409F-8557-7946E0E4536B}.Debug|.NET.ActiveCfg = Debug|.NET
		{22850F20-255A-409F-8557-7946E0E4536B}.Debug|.NET.Build.0 = Debug|.NET
		{22850F20-255A-409F-8557-7946E0E4536B}.Debug|Any CPU.ActiveCfg = Debug|.NET
		{22850F20-255A-409F-8557-7946E0E4536B}.Debug|Mixed Platforms.ActiveCfg = Debug|.NET
		{22850F20-255A-409F-8557-7946E0E4536B}.Debug|Mixed Platforms.Build.0 = Debug|.NET
		{22850F20-255A-409F-8557-7946E0E4536B}.GenerateDebug|.NET.ActiveCfg = Debug|.NET
		{22850F20-255A-409F-8557-7946E0E4536B}.GenerateDebug|.NET.Build.0 = Debug|.NET
		{22850F20-255A-409F-8557-7946E0E4536B}.GenerateDebug|Any CPU.ActiveCfg = Debug|.NET
		{22850F20-255A-409F-8557-7946E0E4536B}.GenerateDebug|Mixed Platforms.ActiveCfg = Debug|.NET
		{22850F20-255A-409F-8557-7946E0E4536B}.GenerateDebug|Mixed Platforms.Build.0 = Debug|.NET
		{22850F20-255A-409F-8557-7946E0E4536B}.Release|.NET.ActiveCfg = Debug|.NET
		{22850F20-255A-409F-8557-7946E0E4536B}.Release|.NET.Build.0 = Debug|.NET
		{22850F20-255A-409F-8557-7946E0E4536B}.Release|Any CPU.ActiveCfg = Debug|.NET
		{22850F20-255A-409F-8557-7946E0E4536B}.Release|Mixed Platforms.ActiveCfg = Debug|.NET
		{22850F20-255A-409F-8557-7946E0E4536B}.Release|Mixed Platforms.Build.0 = Debug|.NET
		{387F19F0-0CDF-444E-9D75-6E082F2FB786}.Debug|.NET.ActiveCfg = Debug|Any CPU
		{387F19F0-0CDF-444E-9D75-6E082F2FB786}.Debug|.NET.Build.0 = Debug|Any CPU
		{387F19F0-0CDF-444E-9D75-6E082F2FB786}.Debug|Any CPU.ActiveCfg = Debug|Any CPU
		{387F19F0-0CDF-444E-9D75-6E082F2FB786}.Debug|Any CPU.Build.0 = Debug|Any CPU
		{387F19F0-0CDF-444E-9D75-6E082F2FB786}.Debug|Mixed Platforms.ActiveCfg = Debug|Any CPU
		{387F19F0-0CDF-444E-9D75-6E082F2FB786}.Debug|Mixed Platforms.Build.0 = Debug|Any CPU
		{387F19F0-0CDF-444E-9D75-6E082F2FB786}.GenerateDebug|.NET.ActiveCfg = Debug|Any CPU
		{387F19F0-0CDF-444E-9D75-6E082F2FB786}.GenerateDebug|Any CPU.ActiveCfg = Debug|Any CPU
		{387F19F0-0CDF-444E-9D75-6E082F2FB786}.GenerateDebug|Any CPU.Build.0 = Debug|Any CPU
		{387F19F0-0CDF-444E-9D75-6E082F2FB786}.GenerateDebug|Mixed Platforms.ActiveCfg = Debug|Any CPU
		{387F19F0-0CDF-444E-9D75-6E082F2FB786}.GenerateDebug|Mixed Platforms.Build.0 = Debug|Any CPU
		{387F19F0-0CDF-444E-9D75-6E082F2FB786}.Release|.NET.ActiveCfg = Release|Any CPU
		{387F19F0-0CDF-444E-9D75-6E082F2FB786}.Release|Any CPU.ActiveCfg = Release|Any CPU
		{387F19F0-0CDF-444E-9D75-6E082F2FB786}.Release|Any CPU.Build.0 = Release|Any CPU
		{387F19F0-0CDF-444E-9D75-6E082F2FB786}.Release|Mixed Platforms.ActiveCfg = Release|Any CPU
		{387F19F0-0CDF-444E-9D75-6E082F2FB786}.Release|Mixed Platforms.Build.0 = Release|Any CPU
		{ACE0D628-C806-49F6-8652-4CA7C0FD5B82}.Debug|.NET.ActiveCfg = Debug|Any CPU
		{ACE0D628-C806-49F6-8652-4CA7C0FD5B82}.Debug|.NET.Build.0 = Debug|Any CPU
		{ACE0D628-C806-49F6-8652-4CA7C0FD5B82}.Debug|Any CPU.ActiveCfg = Debug|Any CPU
		{ACE0D628-C806-49F6-8652-4CA7C0FD5B82}.Debug|Any CPU.Build.0 = Debug|Any CPU
		{ACE0D628-C806-49F6-8652-4CA7C0FD5B82}.Debug|Mixed Platforms.ActiveCfg = Debug|Any CPU
		{ACE0D628-C806-49F6-8652-4CA7C0FD5B82}.Debug|Mixed Platforms.Build.0 = Debug|Any CPU
		{ACE0D628-C806-49F6-8652-4CA7C0FD5B82}.GenerateDebug|.NET.ActiveCfg = Debug|Any CPU
		{ACE0D628-C806-49F6-8652-4CA7C0FD5B82}.GenerateDebug|Any CPU.ActiveCfg = Debug|Any CPU
		{ACE0D628-C806-49F6-8652-4CA7C0FD5B82}.GenerateDebug|Any CPU.Build.0 = Debug|Any CPU
		{ACE0D628-C806-49F6-8652-4CA7C0FD5B82}.GenerateDebug|Mixed Platforms.ActiveCfg = Debug|Any CPU
		{ACE0D628-C806-49F6-8652-4CA7C0FD5B82}.GenerateDebug|Mixed Platforms.Build.0 = Debug|Any CPU
		{ACE0D628-C806-49F6-8652-4CA7C0FD5B82}.Release|.NET.ActiveCfg = Release|Any CPU
		{ACE0D628-C806-49F6-8652-4CA7C0FD5B82}.Release|Any CPU.ActiveCfg = Release|Any CPU
		{ACE0D628-C806-49F6-8652-4CA7C0FD5B82}.Release|Any CPU.Build.0 = Release|Any CPU
		{ACE0D628-C806-49F6-8652-4CA7C0FD5B82}.Release|Mixed Platforms.ActiveCfg = Release|Any CPU
		{ACE0D628-C806-49F6-8652-4CA7C0FD5B82}.Release|Mixed Platforms.Build.0 = Release|Any CPU
		{AE498797-CD46-4DB1-84A7-90218D98CC7F}.Debug|.NET.ActiveCfg = Debug|Any CPU
		{AE498797-CD46-4DB1-84A7-90218D98CC7F}.Debug|.NET.Build.0 = Debug|Any CPU
		{AE498797-CD46-4DB1-84A7-90218D98CC7F}.Debug|Any CPU.ActiveCfg = Debug|Any CPU
		{AE498797-CD46-4DB1-84A7-90218D98CC7F}.Debug|Any CPU.Build.0 = Debug|Any CPU
		{AE498797-CD46-4DB1-84A7-90218D98CC7F}.Debug|Mixed Platforms.ActiveCfg = Debug|Any CPU
		{AE498797-CD46-4DB1-84A7-90218D98CC7F}.Debug|Mixed Platforms.Build.0 = Debug|Any CPU
		{AE498797-CD46-4DB1-84A7-90218D98CC7F}.GenerateDebug|.NET.ActiveCfg = Debug|Any CPU
		{AE498797-CD46-4DB1-84A7-90218D98CC7F}.GenerateDebug|Any CPU.ActiveCfg = Debug|Any CPU
		{AE498797-CD46-4DB1-84A7-90218D98CC7F}.GenerateDebug|Any CPU.Build.0 = Debug|Any CPU
		{AE498797-CD46-4DB1-84A7-90218D98CC7F}.GenerateDebug|Mixed Platforms.ActiveCfg = Debug|Any CPU
		{AE498797-CD46-4DB1-84A7-90218D98CC7F}.GenerateDebug|Mixed Platforms.Build.0 = Debug|Any CPU
		{AE498797-CD46-4DB1-84A7-90218D98CC7F}.Release|.NET.ActiveCfg = Release|Any CPU
		{AE498797-CD46-4DB1-84A7-90218D98CC7F}.Release|Any CPU.ActiveCfg = Release|Any CPU
		{AE498797-CD46-4DB1-84A7-90218D98CC7F}.Release|Any CPU.Build.0 = Release|Any CPU
		{AE498797-CD46-4DB1-84A7-90218D98CC7F}.Release|Mixed Platforms.ActiveCfg = Release|Any CPU
		{AE498797-CD46-4DB1-84A7-90218D98CC7F}.Release|Mixed Platforms.Build.0 = Release|Any CPU
		{041C1BBE-0BFB-4D45-8125-9AB0BBC09A92}.Debug|.NET.ActiveCfg = Debug|Any CPU
		{041C1BBE-0BFB-4D45-8125-9AB0BBC09A92}.Debug|.NET.Build.0 = Debug|Any CPU
		{041C1BBE-0BFB-4D45-8125-9AB0BBC09A92}.Debug|Any CPU.ActiveCfg = Debug|Any CPU
		{041C1BBE-0BFB-4D45-8125-9AB0BBC09A92}.Debug|Any CPU.Build.0 = Debug|Any CPU
		{041C1BBE-0BFB-4D45-8125-9AB0BBC09A92}.Debug|Mixed Platforms.ActiveCfg = Debug|Any CPU
		{041C1BBE-0BFB-4D45-8125-9AB0BBC09A92}.Debug|Mixed Platforms.Build.0 = Debug|Any CPU
		{041C1BBE-0BFB-4D45-8125-9AB0BBC09A92}.GenerateDebug|.NET.ActiveCfg = GenerateDebug|Any CPU
		{041C1BBE-0BFB-4D45-8125-9AB0BBC09A92}.GenerateDebug|Any CPU.ActiveCfg = GenerateDebug|Any CPU
		{041C1BBE-0BFB-4D45-8125-9AB0BBC09A92}.GenerateDebug|Any CPU.Build.0 = GenerateDebug|Any CPU
		{041C1BBE-0BFB-4D45-8125-9AB0BBC09A92}.GenerateDebug|Mixed Platforms.ActiveCfg = GenerateDebug|Any CPU
		{041C1BBE-0BFB-4D45-8125-9AB0BBC09A92}.GenerateDebug|Mixed Platforms.Build.0 = GenerateDebug|Any CPU
		{041C1BBE-0BFB-4D45-8125-9AB0BBC09A92}.Release|.NET.ActiveCfg = Release|Any CPU
		{041C1BBE-0BFB-4D45-8125-9AB0BBC09A92}.Release|Any CPU.ActiveCfg = Release|Any CPU
		{041C1BBE-0BFB-4D45-8125-9AB0BBC09A92}.Release|Any CPU.Build.0 = Release|Any CPU
		{041C1BBE-0BFB-4D45-8125-9AB0BBC09A92}.Release|Mixed Platforms.ActiveCfg = Release|Any CPU
		{041C1BBE-0BFB-4D45-8125-9AB0BBC09A92}.Release|Mixed Platforms.Build.0 = Release|Any CPU
		{8996A7B4-57D3-440B-A545-A701844B8C4A}.Debug|.NET.ActiveCfg = Debug|Any CPU
		{8996A7B4-57D3-440B-A545-A701844B8C4A}.Debug|.NET.Build.0 = Debug|Any CPU
		{8996A7B4-57D3-440B-A545-A701844B8C4A}.Debug|Any CPU.ActiveCfg = Debug|Any CPU
		{8996A7B4-57D3-440B-A545-A701844B8C4A}.Debug|Any CPU.Build.0 = Debug|Any CPU
		{8996A7B4-57D3-440B-A545-A701844B8C4A}.Debug|Mixed Platforms.ActiveCfg = Debug|Any CPU
		{8996A7B4-57D3-440B-A545-A701844B8C4A}.Debug|Mixed Platforms.Build.0 = Debug|Any CPU
		{8996A7B4-57D3-440B-A545-A701844B8C4A}.GenerateDebug|.NET.ActiveCfg = GenerateDebug|Any CPU
		{8996A7B4-57D3-440B-A545-A701844B8C4A}.GenerateDebug|Any CPU.ActiveCfg = GenerateDebug|Any CPU
		{8996A7B4-57D3-440B-A545-A701844B8C4A}.GenerateDebug|Any CPU.Build.0 = GenerateDebug|Any CPU
		{8996A7B4-57D3-440B-A545-A701844B8C4A}.GenerateDebug|Mixed Platforms.ActiveCfg = GenerateDebug|Any CPU
		{8996A7B4-57D3-440B-A545-A701844B8C4A}.GenerateDebug|Mixed Platforms.Build.0 = GenerateDebug|Any CPU
		{8996A7B4-57D3-440B-A545-A701844B8C4A}.Release|.NET.ActiveCfg = Release|Any CPU
		{8996A7B4-57D3-440B-A545-A701844B8C4A}.Release|Any CPU.ActiveCfg = Release|Any CPU
		{8996A7B4-57D3-440B-A545-A701844B8C4A}.Release|Any CPU.Build.0 = Release|Any CPU
		{8996A7B4-57D3-440B-A545-A701844B8C4A}.Release|Mixed Platforms.ActiveCfg = Release|Any CPU
		{8996A7B4-57D3-440B-A545-A701844B8C4A}.Release|Mixed Platforms.Build.0 = Release|Any CPU
		{20E43088-4618-4F4A-B8AD-FC31B50D94CD}.Debug|.NET.ActiveCfg = Debug|Any CPU
		{20E43088-4618-4F4A-B8AD-FC31B50D94CD}.Debug|.NET.Build.0 = Debug|Any CPU
		{20E43088-4618-4F4A-B8AD-FC31B50D94CD}.Debug|Any CPU.ActiveCfg = Debug|Any CPU
		{20E43088-4618-4F4A-B8AD-FC31B50D94CD}.Debug|Any CPU.Build.0 = Debug|Any CPU
		{20E43088-4618-4F4A-B8AD-FC31B50D94CD}.Debug|Mixed Platforms.ActiveCfg = Debug|Any CPU
		{20E43088-4618-4F4A-B8AD-FC31B50D94CD}.Debug|Mixed Platforms.Build.0 = Debug|Any CPU
		{20E43088-4618-4F4A-B8AD-FC31B50D94CD}.GenerateDebug|.NET.ActiveCfg = GenerateDebug|Any CPU
		{20E43088-4618-4F4A-B8AD-FC31B50D94CD}.GenerateDebug|Any CPU.ActiveCfg = GenerateDebug|Any CPU
		{20E43088-4618-4F4A-B8AD-FC31B50D94CD}.GenerateDebug|Any CPU.Build.0 = GenerateDebug|Any CPU
		{20E43088-4618-4F4A-B8AD-FC31B50D94CD}.GenerateDebug|Mixed Platforms.ActiveCfg = GenerateDebug|Any CPU
		{20E43088-4618-4F4A-B8AD-FC31B50D94CD}.GenerateDebug|Mixed Platforms.Build.0 = GenerateDebug|Any CPU
		{20E43088-4618-4F4A-B8AD-FC31B50D94CD}.Release|.NET.ActiveCfg = Release|Any CPU
		{20E43088-4618-4F4A-B8AD-FC31B50D94CD}.Release|Any CPU.ActiveCfg = Release|Any CPU
		{20E43088-4618-4F4A-B8AD-FC31B50D94CD}.Release|Any CPU.Build.0 = Release|Any CPU
		{20E43088-4618-4F4A-B8AD-FC31B50D94CD}.Release|Mixed Platforms.ActiveCfg = Release|Any CPU
		{20E43088-4618-4F4A-B8AD-FC31B50D94CD}.Release|Mixed Platforms.Build.0 = Release|Any CPU
		{794327CE-DC0A-4381-89EE-4C00AFB08D5A}.Debug|.NET.ActiveCfg = Debug|Any CPU
		{794327CE-DC0A-4381-89EE-4C00AFB08D5A}.Debug|.NET.Build.0 = Debug|Any CPU
		{794327CE-DC0A-4381-89EE-4C00AFB08D5A}.Debug|Any CPU.ActiveCfg = Debug|Any CPU
		{794327CE-DC0A-4381-89EE-4C00AFB08D5A}.Debug|Any CPU.Build.0 = Debug|Any CPU
		{794327CE-DC0A-4381-89EE-4C00AFB08D5A}.Debug|Mixed Platforms.ActiveCfg = Debug|Any CPU
		{794327CE-DC0A-4381-89EE-4C00AFB08D5A}.Debug|Mixed Platforms.Build.0 = Debug|Any CPU
		{794327CE-DC0A-4381-89EE-4C00AFB08D5A}.GenerateDebug|.NET.ActiveCfg = GenerateDebug|Any CPU
		{794327CE-DC0A-4381-89EE-4C00AFB08D5A}.GenerateDebug|Any CPU.ActiveCfg = GenerateDebug|Any CPU
		{794327CE-DC0A-4381-89EE-4C00AFB08D5A}.GenerateDebug|Any CPU.Build.0 = GenerateDebug|Any CPU
		{794327CE-DC0A-4381-89EE-4C00AFB08D5A}.GenerateDebug|Mixed Platforms.ActiveCfg = GenerateDebug|Any CPU
		{794327CE-DC0A-4381-89EE-4C00AFB08D5A}.GenerateDebug|Mixed Platforms.Build.0 = GenerateDebug|Any CPU
		{794327CE-DC0A-4381-89EE-4C00AFB08D5A}.Release|.NET.ActiveCfg = Release|Any CPU
		{794327CE-DC0A-4381-89EE-4C00AFB08D5A}.Release|Any CPU.ActiveCfg = Release|Any CPU
		{794327CE-DC0A-4381-89EE-4C00AFB08D5A}.Release|Any CPU.Build.0 = Release|Any CPU
		{794327CE-DC0A-4381-89EE-4C00AFB08D5A}.Release|Mixed Platforms.ActiveCfg = Release|Any CPU
		{794327CE-DC0A-4381-89EE-4C00AFB08D5A}.Release|Mixed Platforms.Build.0 = Release|Any CPU
		{30FE8FE6-ADB7-42C8-8CAC-69AD1918755C}.Debug|.NET.ActiveCfg = Debug|Any CPU
		{30FE8FE6-ADB7-42C8-8CAC-69AD1918755C}.Debug|Any CPU.ActiveCfg = Debug|Any CPU
		{30FE8FE6-ADB7-42C8-8CAC-69AD1918755C}.Debug|Any CPU.Build.0 = Debug|Any CPU
		{30FE8FE6-ADB7-42C8-8CAC-69AD1918755C}.Debug|Mixed Platforms.ActiveCfg = Debug|Any CPU
		{30FE8FE6-ADB7-42C8-8CAC-69AD1918755C}.Debug|Mixed Platforms.Build.0 = Debug|Any CPU
		{30FE8FE6-ADB7-42C8-8CAC-69AD1918755C}.GenerateDebug|.NET.ActiveCfg = Debug|Any CPU
		{30FE8FE6-ADB7-42C8-8CAC-69AD1918755C}.GenerateDebug|Any CPU.ActiveCfg = Debug|Any CPU
		{30FE8FE6-ADB7-42C8-8CAC-69AD1918755C}.GenerateDebug|Any CPU.Build.0 = Debug|Any CPU
		{30FE8FE6-ADB7-42C8-8CAC-69AD1918755C}.GenerateDebug|Mixed Platforms.ActiveCfg = Debug|Any CPU
		{30FE8FE6-ADB7-42C8-8CAC-69AD1918755C}.GenerateDebug|Mixed Platforms.Build.0 = Debug|Any CPU
		{30FE8FE6-ADB7-42C8-8CAC-69AD1918755C}.Release|.NET.ActiveCfg = Release|Any CPU
		{30FE8FE6-ADB7-42C8-8CAC-69AD1918755C}.Release|Any CPU.ActiveCfg = Release|Any CPU
		{30FE8FE6-ADB7-42C8-8CAC-69AD1918755C}.Release|Any CPU.Build.0 = Release|Any CPU
		{30FE8FE6-ADB7-42C8-8CAC-69AD1918755C}.Release|Mixed Platforms.ActiveCfg = Release|Any CPU
		{30FE8FE6-ADB7-42C8-8CAC-69AD1918755C}.Release|Mixed Platforms.Build.0 = Release|Any CPU
	EndGlobalSection
	GlobalSection(SolutionProperties) = preSolution
		HideSolutionNode = FALSE
	EndGlobalSection
EndGlobal
